
Microsoft Visual Studio Solution File, Format Version 12.00
# Visual Studio 15
VisualStudioVersion = 15.0.28307.168
MinimumVisualStudioVersion = 10.0.40219.1
Project("{888888A0-9F3D-457C-B088-3A5042F75D52}") = "hello", "hello.pyproj", "{A663976A-B8F6-4EEA-9BC3-D60DCB4EDC80}"
EndProject
Global
	GlobalSection(SolutionConfigurationPlatforms) = preSolution
		Debug|Any CPU = Debug|Any CPU
		Release|Any CPU = Release|Any CPU
	EndGlobalSection
	GlobalSection(ProjectConfigurationPlatforms) = postSolution
		{A663976A-B8F6-4EEA-9BC3-D60DCB4EDC80}.Debug|Any CPU.ActiveCfg = Debug|Any CPU
		{A663976A-B8F6-4EEA-9BC3-D60DCB4EDC80}.Release|Any CPU.ActiveCfg = Release|Any CPU
	EndGlobalSection
	GlobalSection(SolutionProperties) = preSolution
		HideSolutionNode = FALSE
	EndGlobalSection
	GlobalSection(ExtensibilityGlobals) = postSolution
		SolutionGuid = {B07D9529-ECDC-4A98-AC7D-A95B401B26DF}
	EndGlobalSection
EndGlobal
